
Microsoft Visual Studio Solution File, Format Version 12.00
# Visual Studio Version 17
VisualStudioVersion = 17.14.36717.8 d17.14
MinimumVisualStudioVersion = 10.0.40219.1
Project("{2150E333-8FDC-42A3-9474-1A3956D46DE8}") = "Task0", "Task0", "{02EA681E-C7D8-13C7-8484-4AC65E1B71E8}"
EndProject
Project("{FAE04EC0-301F-11D3-BF4B-00C04F79EFBC}") = "Tyuiu.SozonovaVA.Sprint5.Task0.V14", "Tyuiu.SozonovaVA.Sprint5.Task0.V14\Tyuiu.SozonovaVA.Sprint5.Task0.V14.csproj", "{5BA82917-2121-49FD-9437-7C9038FBEA51}"
EndProject
Project("{FAE04EC0-301F-11D3-BF4B-00C04F79EFBC}") = "Tyuiu.SozonovaVA.Sprint5.Task0.V14.Lib", "Tyuiu.SozonovaVA.Sprint5.Task0.V14.Lib\Tyuiu.SozonovaVA.Sprint5.Task0.V14.Lib.csproj", "{28CBD6F1-6742-4024-AF87-00947212E8AD}"
EndProject
Project("{FAE04EC0-301F-11D3-BF4B-00C04F79EFBC}") = "Tyuiu.SozonovaVA.Sprint5.Task0.V14.Test", "Tyuiu.SozonovaVA.Sprint5.Task0.V14.Test\Tyuiu.SozonovaVA.Sprint5.Task0.V14.Test.csproj", "{A4B058E5-97E0-481E-A810-0F2FC9F049C4}"
EndProject
Project("{2150E333-8FDC-42A3-9474-1A3956D46DE8}") = "Task1", "Task1", "{54DACFDA-CC2F-4336-A59C-06A1E6934E6A}"
EndProject
Project("{FAE04EC0-301F-11D3-BF4B-00C04F79EFBC}") = "Tyuiu.SozonovaVA.Sprint5.Task1.V21", "Tyuiu.SozonovaVA.Sprint5.Task1.V21\Tyuiu.SozonovaVA.Sprint5.Task1.V21.csproj", "{11B1A37A-7BCA-447C-9528-E59521669E13}"
EndProject
Project("{FAE04EC0-301F-11D3-BF4B-00C04F79EFBC}") = "Tyuiu.SozonovaVA.Sprint5.Task1.V21.Lib", "Tyuiu.SozonovaVA.Sprint5.Task1.V21.Lib\Tyuiu.SozonovaVA.Sprint5.Task1.V21.Lib.csproj", "{674F8FD8-FBF2-462C-8044-26781508F605}"
EndProject
Project("{FAE04EC0-301F-11D3-BF4B-00C04F79EFBC}") = "Tyuiu.SozonovaVA.Sprint5.Task1.V21.Test", "Tyuiu.SozonovaVA.Sprint5.Task1.V21.Test\Tyuiu.SozonovaVA.Sprint5.Task1.V21.Test.csproj", "{8C1D53A9-9B22-45EB-8C4E-8C21F07C6607}"
EndProject
Project("{2150E333-8FDC-42A3-9474-1A3956D46DE8}") = "Task2", "Task2", "{F6E18B04-FBB8-493F-9ABB-32676E52E694}"
EndProject
Project("{2150E333-8FDC-42A3-9474-1A3956D46DE8}") = "Task3", "Task3", "{B987023A-8253-46F2-90DE-752918E9F415}"
EndProject
Project("{2150E333-8FDC-42A3-9474-1A3956D46DE8}") = "Task4", "Task4", "{DA7A5BDD-C23A-430B-ADDE-499A0A14B5E0}"
EndProject
Project("{2150E333-8FDC-42A3-9474-1A3956D46DE8}") = "Task5", "Task5", "{66AE529D-740C-4C97-A45D-9CC96FF19C65}"
EndProject
Project("{2150E333-8FDC-42A3-9474-1A3956D46DE8}") = "Task6", "Task6", "{04504FA3-8734-4A25-A075-498BF237E7FD}"
EndProject
Project("{2150E333-8FDC-42A3-9474-1A3956D46DE8}") = "Task7", "Task7", "{740B351E-0B36-4012-BE6C-2458C2F151D6}"
EndProject
Project("{FAE04EC0-301F-11D3-BF4B-00C04F79EFBC}") = "Tyuiu.SozonovaVA.Sprint5.Task2.V11", "Tyuiu.SozonovaVA.Sprint5.Task2.V11\Tyuiu.SozonovaVA.Sprint5.Task2.V11.csproj", "{11110251-E80F-4A69-A161-1D9277642BAC}"
EndProject
Project("{FAE04EC0-301F-11D3-BF4B-00C04F79EFBC}") = "Tyuiu.SozonovaVA.Sprint5.Task2.V11.Lib", "Tyuiu.SozonovaVA.Sprint5.Task2.V11.Lib\Tyuiu.SozonovaVA.Sprint5.Task2.V11.Lib.csproj", "{CC317513-440F-4957-8E0C-820864CE27D9}"
EndProject
Project("{FAE04EC0-301F-11D3-BF4B-00C04F79EFBC}") = "Tyuiu.SozonovaVA.Sprint5.Task2.V11.Test", "Tyuiu.SozonovaVA.Sprint5.Task2.V11.Test\Tyuiu.SozonovaVA.Sprint5.Task2.V11.Test.csproj", "{251908DB-45A2-48CA-A31A-D5AFC4873436}"
EndProject
Project("{FAE04EC0-301F-11D3-BF4B-00C04F79EFBC}") = "Tyuiu.SozonovaVA.Sprint5.Task3.V26", "Tyuiu.SozonovaVA.Sprint5.Task3.V26\Tyuiu.SozonovaVA.Sprint5.Task3.V26.csproj", "{05DCB261-AB86-4D4D-ACB5-EF9C541B1020}"
EndProject
Project("{FAE04EC0-301F-11D3-BF4B-00C04F79EFBC}") = "Tyuiu.SozonovaVA.Sprint5.Task3.V26.Lib", "Tyuiu.SozonovaVA.Sprint5.Task3.V26.Lib\Tyuiu.SozonovaVA.Sprint5.Task3.V26.Lib.csproj", "{36B2FDC5-E4D0-4DE6-B451-871DBCB8B06F}"
EndProject
Project("{FAE04EC0-301F-11D3-BF4B-00C04F79EFBC}") = "Tyuiu.SozonovaVA.Sprint5.Task3.V26.Test", "Tyuiu.SozonovaVA.Sprint5.Task3.V26.Test\Tyuiu.SozonovaVA.Sprint5.Task3.V26.Test.csproj", "{08306C1B-036C-4EA9-9470-607883CDB99D}"
EndProject
Project("{FAE04EC0-301F-11D3-BF4B-00C04F79EFBC}") = "Tyuiu.SozonovaVA.Sprint5.Task4.V17", "Tyuiu.SozonovaVA.Sprint5.Task4.V17\Tyuiu.SozonovaVA.Sprint5.Task4.V17.csproj", "{62559912-8072-4280-91B5-1064C3E5E861}"
EndProject
Project("{FAE04EC0-301F-11D3-BF4B-00C04F79EFBC}") = "Tyuiu.SozonovaVA.Sprint5.Task4.V17.Lib", "Tyuiu.SozonovaVA.Sprint5.Task4.V17.Lib\Tyuiu.SozonovaVA.Sprint5.Task4.V17.Lib.csproj", "{D69C88CE-11D6-4EDA-A427-C78543D83AC4}"
EndProject
Project("{FAE04EC0-301F-11D3-BF4B-00C04F79EFBC}") = "Tyuiu.SozonovaVA.Sprint5.Task4.V17.Test", "Tyuiu.SozonovaVA.Sprint5.Task4.V17.Test\Tyuiu.SozonovaVA.Sprint5.Task4.V17.Test.csproj", "{7E4B0402-D0D8-4366-9AA7-3D80002C4744}"
EndProject
Project("{FAE04EC0-301F-11D3-BF4B-00C04F79EFBC}") = "Tyuiu.SozonovaVA.Sprint5.Task5.V17", "Tyuiu.SozonovaVA.Sprint5.Task5.V17\Tyuiu.SozonovaVA.Sprint5.Task5.V17.csproj", "{4EFF5120-0B09-401D-8957-A52DB5062E5C}"
EndProject
Project("{FAE04EC0-301F-11D3-BF4B-00C04F79EFBC}") = "Tyuiu.SozonovaVA.Sprint5.Task5.V17.Lib", "Tyuiu.SozonovaVA.Sprint5.Task5.V17.Lib\Tyuiu.SozonovaVA.Sprint5.Task5.V17.Lib.csproj", "{F8B014E2-1D03-4577-A46D-F92F869AE490}"
EndProject
Project("{FAE04EC0-301F-11D3-BF4B-00C04F79EFBC}") = "Tyuiu.SozonovaVA.Sprint5.Task5.V17.Test", "Tyuiu.SozonovaVA.Sprint5.Task5.V17.Test\Tyuiu.SozonovaVA.Sprint5.Task5.V17.Test.csproj", "{232F6476-6579-47B1-A5F6-495D0AB98201}"
EndProject
Project("{FAE04EC0-301F-11D3-BF4B-00C04F79EFBC}") = "Tyuiu.SozonovaVA.Sprint5.Task6.V6", "Tyuiu.SozonovaVA.Sprint5.Task6.V6\Tyuiu.SozonovaVA.Sprint5.Task6.V6.csproj", "{1ADE9FEF-7BF0-4567-9647-FB49DDA42933}"
EndProject
Project("{FAE04EC0-301F-11D3-BF4B-00C04F79EFBC}") = "Tyuiu.SozonovaVA.Sprint5.Task6.V6.Lib", "Tyuiu.SozonovaVA.Sprint5.Task6.V6.Lib\Tyuiu.SozonovaVA.Sprint5.Task6.V6.Lib.csproj", "{02633DB9-2F7C-4BFF-9016-CBABF60075C0}"
EndProject
Project("{FAE04EC0-301F-11D3-BF4B-00C04F79EFBC}") = "Tyuiu.SozonovaVA.Sprint5.Task6.V6.Test", "Tyuiu.SozonovaVA.Sprint5.Task6.V6.Test\Tyuiu.SozonovaVA.Sprint5.Task6.V6.Test.csproj", "{5D2CBCFB-D02C-42F3-959F-53430A99BB76}"
EndProject
Project("{FAE04EC0-301F-11D3-BF4B-00C04F79EFBC}") = "Tyuiu.SozonovaVA.Sprint5.Task7.V6", "Tyuiu.SozonovaVA.Sprint5.Task7.V6\Tyuiu.SozonovaVA.Sprint5.Task7.V6.csproj", "{1F956631-C84F-4B08-913A-10DBED72AC5C}"
EndProject
Project("{FAE04EC0-301F-11D3-BF4B-00C04F79EFBC}") = "Tyuiu.SozonovaVA.Sprint5.Task7.V6.Lib", "Tyuiu.SozonovaVA.Sprint5.Task7.V6.Lib\Tyuiu.SozonovaVA.Sprint5.Task7.V6.Lib.csproj", "{07F518A4-9918-48BF-A30F-E839CD93B7F1}"
EndProject
Project("{FAE04EC0-301F-11D3-BF4B-00C04F79EFBC}") = "Tyuiu.SozonovaVA.Sprint5.Task7.V6.Test", "Tyuiu.SozonovaVA.Sprint5.Task7.V6.Test\Tyuiu.SozonovaVA.Sprint5.Task7.V6.Test.csproj", "{83D7C5A2-93AC-4D90-BDE2-8DA1BEFB0F29}"
EndProject
Global
	GlobalSection(SolutionConfigurationPlatforms) = preSolution
		Debug|Any CPU = Debug|Any CPU
		Release|Any CPU = Release|Any CPU
	EndGlobalSection
	GlobalSection(ProjectConfigurationPlatforms) = postSolution
		{5BA82917-2121-49FD-9437-7C9038FBEA51}.Debug|Any CPU.ActiveCfg = Debug|Any CPU
		{5BA82917-2121-49FD-9437-7C9038FBEA51}.Debug|Any CPU.Build.0 = Debug|Any CPU
		{5BA82917-2121-49FD-9437-7C9038FBEA51}.Release|Any CPU.ActiveCfg = Release|Any CPU
		{5BA82917-2121-49FD-9437-7C9038FBEA51}.Release|Any CPU.Build.0 = Release|Any CPU
		{28CBD6F1-6742-4024-AF87-00947212E8AD}.Debug|Any CPU.ActiveCfg = Debug|Any CPU
		{28CBD6F1-6742-4024-AF87-00947212E8AD}.Debug|Any CPU.Build.0 = Debug|Any CPU
		{28CBD6F1-6742-4024-AF87-00947212E8AD}.Release|Any CPU.ActiveCfg = Release|Any CPU
		{28CBD6F1-6742-4024-AF87-00947212E8AD}.Release|Any CPU.Build.0 = Release|Any CPU
		{A4B058E5-97E0-481E-A810-0F2FC9F049C4}.Debug|Any CPU.ActiveCfg = Debug|Any CPU
		{A4B058E5-97E0-481E-A810-0F2FC9F049C4}.Debug|Any CPU.Build.0 = Debug|Any CPU
		{A4B058E5-97E0-481E-A810-0F2FC9F049C4}.Release|Any CPU.ActiveCfg = Release|Any CPU
		{A4B058E5-97E0-481E-A810-0F2FC9F049C4}.Release|Any CPU.Build.0 = Release|Any CPU
		{11B1A37A-7BCA-447C-9528-E59521669E13}.Debug|Any CPU.ActiveCfg = Debug|Any CPU
		{11B1A37A-7BCA-447C-9528-E59521669E13}.Debug|Any CPU.Build.0 = Debug|Any CPU
		{11B1A37A-7BCA-447C-9528-E59521669E13}.Release|Any CPU.ActiveCfg = Release|Any CPU
		{11B1A37A-7BCA-447C-9528-E59521669E13}.Release|Any CPU.Build.0 = Release|Any CPU
		{674F8FD8-FBF2-462C-8044-26781508F605}.Debug|Any CPU.ActiveCfg = Debug|Any CPU
		{674F8FD8-FBF2-462C-8044-26781508F605}.Debug|Any CPU.Build.0 = Debug|Any CPU
		{674F8FD8-FBF2-462C-8044-26781508F605}.Release|Any CPU.ActiveCfg = Release|Any CPU
		{674F8FD8-FBF2-462C-8044-26781508F605}.Release|Any CPU.Build.0 = Release|Any CPU
		{8C1D53A9-9B22-45EB-8C4E-8C21F07C6607}.Debug|Any CPU.ActiveCfg = Debug|Any CPU
		{8C1D53A9-9B22-45EB-8C4E-8C21F07C6607}.Debug|Any CPU.Build.0 = Debug|Any CPU
		{8C1D53A9-9B22-45EB-8C4E-8C21F07C6607}.Release|Any CPU.ActiveCfg = Release|Any CPU
		{8C1D53A9-9B22-45EB-8C4E-8C21F07C6607}.Release|Any CPU.Build.0 = Release|Any CPU
		{11110251-E80F-4A69-A161-1D9277642BAC}.Debug|Any CPU.ActiveCfg = Debug|Any CPU
		{11110251-E80F-4A69-A161-1D9277642BAC}.Debug|Any CPU.Build.0 = Debug|Any CPU
		{11110251-E80F-4A69-A161-1D9277642BAC}.Release|Any CPU.ActiveCfg = Release|Any CPU
		{11110251-E80F-4A69-A161-1D9277642BAC}.Release|Any CPU.Build.0 = Release|Any CPU
		{CC317513-440F-4957-8E0C-820864CE27D9}.Debug|Any CPU.ActiveCfg = Debug|Any CPU
		{CC317513-440F-4957-8E0C-820864CE27D9}.Debug|Any CPU.Build.0 = Debug|Any CPU
		{CC317513-440F-4957-8E0C-820864CE27D9}.Release|Any CPU.ActiveCfg = Release|Any CPU
		{CC317513-440F-4957-8E0C-820864CE27D9}.Release|Any CPU.Build.0 = Release|Any CPU
		{251908DB-45A2-48CA-A31A-D5AFC4873436}.Debug|Any CPU.ActiveCfg = Debug|Any CPU
		{251908DB-45A2-48CA-A31A-D5AFC4873436}.Debug|Any CPU.Build.0 = Debug|Any CPU
		{251908DB-45A2-48CA-A31A-D5AFC4873436}.Release|Any CPU.ActiveCfg = Release|Any CPU
		{251908DB-45A2-48CA-A31A-D5AFC4873436}.Release|Any CPU.Build.0 = Release|Any CPU
		{05DCB261-AB86-4D4D-ACB5-EF9C541B1020}.Debug|Any CPU.ActiveCfg = Debug|Any CPU
		{05DCB261-AB86-4D4D-ACB5-EF9C541B1020}.Debug|Any CPU.Build.0 = Debug|Any CPU
		{05DCB261-AB86-4D4D-ACB5-EF9C541B1020}.Release|Any CPU.ActiveCfg = Release|Any CPU
		{05DCB261-AB86-4D4D-ACB5-EF9C541B1020}.Release|Any CPU.Build.0 = Release|Any CPU
		{36B2FDC5-E4D0-4DE6-B451-871DBCB8B06F}.Debug|Any CPU.ActiveCfg = Debug|Any CPU
		{36B2FDC5-E4D0-4DE6-B451-871DBCB8B06F}.Debug|Any CPU.Build.0 = Debug|Any CPU
		{36B2FDC5-E4D0-4DE6-B451-871DBCB8B06F}.Release|Any CPU.ActiveCfg = Release|Any CPU
		{36B2FDC5-E4D0-4DE6-B451-871DBCB8B06F}.Release|Any CPU.Build.0 = Release|Any CPU
		{08306C1B-036C-4EA9-9470-607883CDB99D}.Debug|Any CPU.ActiveCfg = Debug|Any CPU
		{08306C1B-036C-4EA9-9470-607883CDB99D}.Debug|Any CPU.Build.0 = Debug|Any CPU
		{08306C1B-036C-4EA9-9470-607883CDB99D}.Release|Any CPU.ActiveCfg = Release|Any CPU
		{08306C1B-036C-4EA9-9470-607883CDB99D}.Release|Any CPU.Build.0 = Release|Any CPU
		{62559912-8072-4280-91B5-1064C3E5E861}.Debug|Any CPU.ActiveCfg = Debug|Any CPU
		{62559912-8072-4280-91B5-1064C3E5E861}.Debug|Any CPU.Build.0 = Debug|Any CPU
		{62559912-8072-4280-91B5-1064C3E5E861}.Release|Any CPU.ActiveCfg = Release|Any CPU
		{62559912-8072-4280-91B5-1064C3E5E861}.Release|Any CPU.Build.0 = Release|Any CPU
		{D69C88CE-11D6-4EDA-A427-C78543D83AC4}.Debug|Any CPU.ActiveCfg = Debug|Any CPU
		{D69C88CE-11D6-4EDA-A427-C78543D83AC4}.Debug|Any CPU.Build.0 = Debug|Any CPU
		{D69C88CE-11D6-4EDA-A427-C78543D83AC4}.Release|Any CPU.ActiveCfg = Release|Any CPU
		{D69C88CE-11D6-4EDA-A427-C78543D83AC4}.Release|Any CPU.Build.0 = Release|Any CPU
		{7E4B0402-D0D8-4366-9AA7-3D80002C4744}.Debug|Any CPU.ActiveCfg = Debug|Any CPU
		{7E4B0402-D0D8-4366-9AA7-3D80002C4744}.Debug|Any CPU.Build.0 = Debug|Any CPU
		{7E4B0402-D0D8-4366-9AA7-3D80002C4744}.Release|Any CPU.ActiveCfg = Release|Any CPU
		{7E4B0402-D0D8-4366-9AA7-3D80002C4744}.Release|Any CPU.Build.0 = Release|Any CPU
		{4EFF5120-0B09-401D-8957-A52DB5062E5C}.Debug|Any CPU.ActiveCfg = Debug|Any CPU
		{4EFF5120-0B09-401D-8957-A52DB5062E5C}.Debug|Any CPU.Build.0 = Debug|Any CPU
		{4EFF5120-0B09-401D-8957-A52DB5062E5C}.Release|Any CPU.ActiveCfg = Release|Any CPU
		{4EFF5120-0B09-401D-8957-A52DB5062E5C}.Release|Any CPU.Build.0 = Release|Any CPU
		{F8B014E2-1D03-4577-A46D-F92F869AE490}.Debug|Any CPU.ActiveCfg = Debug|Any CPU
		{F8B014E2-1D03-4577-A46D-F92F869AE490}.Debug|Any CPU.Build.0 = Debug|Any CPU
		{F8B014E2-1D03-4577-A46D-F92F869AE490}.Release|Any CPU.ActiveCfg = Release|Any CPU
		{F8B014E2-1D03-4577-A46D-F92F869AE490}.Release|Any CPU.Build.0 = Release|Any CPU
		{232F6476-6579-47B1-A5F6-495D0AB98201}.Debug|Any CPU.ActiveCfg = Debug|Any CPU
		{232F6476-6579-47B1-A5F6-495D0AB98201}.Debug|Any CPU.Build.0 = Debug|Any CPU
		{232F6476-6579-47B1-A5F6-495D0AB98201}.Release|Any CPU.ActiveCfg = Release|Any CPU
		{232F6476-6579-47B1-A5F6-495D0AB98201}.Release|Any CPU.Build.0 = Release|Any CPU
		{1ADE9FEF-7BF0-4567-9647-FB49DDA42933}.Debug|Any CPU.ActiveCfg = Debug|Any CPU
		{1ADE9FEF-7BF0-4567-9647-FB49DDA42933}.Debug|Any CPU.Build.0 = Debug|Any CPU
		{1ADE9FEF-7BF0-4567-9647-FB49DDA42933}.Release|Any CPU.ActiveCfg = Release|Any CPU
		{1ADE9FEF-7BF0-4567-9647-FB49DDA42933}.Release|Any CPU.Build.0 = Release|Any CPU
		{02633DB9-2F7C-4BFF-9016-CBABF60075C0}.Debug|Any CPU.ActiveCfg = Debug|Any CPU
		{02633DB9-2F7C-4BFF-9016-CBABF60075C0}.Debug|Any CPU.Build.0 = Debug|Any CPU
		{02633DB9-2F7C-4BFF-9016-CBABF60075C0}.Release|Any CPU.ActiveCfg = Release|Any CPU
		{02633DB9-2F7C-4BFF-9016-CBABF60075C0}.Release|Any CPU.Build.0 = Release|Any CPU
		{5D2CBCFB-D02C-42F3-959F-53430A99BB76}.Debug|Any CPU.ActiveCfg = Debug|Any CPU
		{5D2CBCFB-D02C-42F3-959F-53430A99BB76}.Debug|Any CPU.Build.0 = Debug|Any CPU
		{5D2CBCFB-D02C-42F3-959F-53430A99BB76}.Release|Any CPU.ActiveCfg = Release|Any CPU
		{5D2CBCFB-D02C-42F3-959F-53430A99BB76}.Release|Any CPU.Build.0 = Release|Any CPU
		{1F956631-C84F-4B08-913A-10DBED72AC5C}.Debug|Any CPU.ActiveCfg = Debug|Any CPU
		{1F956631-C84F-4B08-913A-10DBED72AC5C}.Debug|Any CPU.Build.0 = Debug|Any CPU
		{1F956631-C84F-4B08-913A-10DBED72AC5C}.Release|Any CPU.ActiveCfg = Release|Any CPU
		{1F956631-C84F-4B08-913A-10DBED72AC5C}.Release|Any CPU.Build.0 = Release|Any CPU
		{07F518A4-9918-48BF-A30F-E839CD93B7F1}.Debug|Any CPU.ActiveCfg = Debug|Any CPU
		{07F518A4-9918-48BF-A30F-E839CD93B7F1}.Debug|Any CPU.Build.0 = Debug|Any CPU
		{07F518A4-9918-48BF-A30F-E839CD93B7F1}.Release|Any CPU.ActiveCfg = Release|Any CPU
		{07F518A4-9918-48BF-A30F-E839CD93B7F1}.Release|Any CPU.Build.0 = Release|Any CPU
		{83D7C5A2-93AC-4D90-BDE2-8DA1BEFB0F29}.Debug|Any CPU.ActiveCfg = Debug|Any CPU
		{83D7C5A2-93AC-4D90-BDE2-8DA1BEFB0F29}.Debug|Any CPU.Build.0 = Debug|Any CPU
		{83D7C5A2-93AC-4D90-BDE2-8DA1BEFB0F29}.Release|Any CPU.ActiveCfg = Release|Any CPU
		{83D7C5A2-93AC-4D90-BDE2-8DA1BEFB0F29}.Release|Any CPU.Build.0 = Release|Any CPU
	EndGlobalSection
	GlobalSection(SolutionProperties) = preSolution
		HideSolutionNode = FALSE
	EndGlobalSection
	GlobalSection(NestedProjects) = preSolution
		{5BA82917-2121-49FD-9437-7C9038FBEA51} = {02EA681E-C7D8-13C7-8484-4AC65E1B71E8}
		{28CBD6F1-6742-4024-AF87-00947212E8AD} = {02EA681E-C7D8-13C7-8484-4AC65E1B71E8}
		{A4B058E5-97E0-481E-A810-0F2FC9F049C4} = {02EA681E-C7D8-13C7-8484-4AC65E1B71E8}
		{11B1A37A-7BCA-447C-9528-E59521669E13} = {54DACFDA-CC2F-4336-A59C-06A1E6934E6A}
		{674F8FD8-FBF2-462C-8044-26781508F605} = {54DACFDA-CC2F-4336-A59C-06A1E6934E6A}
		{8C1D53A9-9B22-45EB-8C4E-8C21F07C6607} = {54DACFDA-CC2F-4336-A59C-06A1E6934E6A}
		{11110251-E80F-4A69-A161-1D9277642BAC} = {F6E18B04-FBB8-493F-9ABB-32676E52E694}
		{CC317513-440F-4957-8E0C-820864CE27D9} = {F6E18B04-FBB8-493F-9ABB-32676E52E694}
		{251908DB-45A2-48CA-A31A-D5AFC4873436} = {F6E18B04-FBB8-493F-9ABB-32676E52E694}
		{05DCB261-AB86-4D4D-ACB5-EF9C541B1020} = {B987023A-8253-46F2-90DE-752918E9F415}
		{36B2FDC5-E4D0-4DE6-B451-871DBCB8B06F} = {B987023A-8253-46F2-90DE-752918E9F415}
		{08306C1B-036C-4EA9-9470-607883CDB99D} = {B987023A-8253-46F2-90DE-752918E9F415}
		{62559912-8072-4280-91B5-1064C3E5E861} = {DA7A5BDD-C23A-430B-ADDE-499A0A14B5E0}
		{D69C88CE-11D6-4EDA-A427-C78543D83AC4} = {DA7A5BDD-C23A-430B-ADDE-499A0A14B5E0}
		{7E4B0402-D0D8-4366-9AA7-3D80002C4744} = {DA7A5BDD-C23A-430B-ADDE-499A0A14B5E0}
		{4EFF5120-0B09-401D-8957-A52DB5062E5C} = {66AE529D-740C-4C97-A45D-9CC96FF19C65}
		{F8B014E2-1D03-4577-A46D-F92F869AE490} = {66AE529D-740C-4C97-A45D-9CC96FF19C65}
		{232F6476-6579-47B1-A5F6-495D0AB98201} = {66AE529D-740C-4C97-A45D-9CC96FF19C65}
		{1ADE9FEF-7BF0-4567-9647-FB49DDA42933} = {04504FA3-8734-4A25-A075-498BF237E7FD}
		{02633DB9-2F7C-4BFF-9016-CBABF60075C0} = {04504FA3-8734-4A25-A075-498BF237E7FD}
		{5D2CBCFB-D02C-42F3-959F-53430A99BB76} = {04504FA3-8734-4A25-A075-498BF237E7FD}
		{1F956631-C84F-4B08-913A-10DBED72AC5C} = {740B351E-0B36-4012-BE6C-2458C2F151D6}
		{07F518A4-9918-48BF-A30F-E839CD93B7F1} = {740B351E-0B36-4012-BE6C-2458C2F151D6}
		{83D7C5A2-93AC-4D90-BDE2-8DA1BEFB0F29} = {740B351E-0B36-4012-BE6C-2458C2F151D6}
	EndGlobalSection
	GlobalSection(ExtensibilityGlobals) = postSolution
		SolutionGuid = {7EDC2B8E-51F3-46C4-B3BB-AA14931EF6E9}
	EndGlobalSection
EndGlobal
